
Microsoft Visual Studio Solution File, Format Version 12.00
# Visual Studio Version 16
VisualStudioVersion = 16.0.30309.148
MinimumVisualStudioVersion = 10.0.40219.1
Project("{FAE04EC0-301F-11D3-BF4B-00C04F79EFBC}") = "AgendaWeb", "AgendaWeb\AgendaWeb.csproj", "{C1358B2F-868E-4787-A0C1-AF46BC6ECF3A}"
EndProject
Global
	GlobalSection(SolutionConfigurationPlatforms) = preSolution
		Debug|Any CPU = Debug|Any CPU
		Release|Any CPU = Release|Any CPU
	EndGlobalSection
	GlobalSection(ProjectConfigurationPlatforms) = postSolution
		{C1358B2F-868E-4787-A0C1-AF46BC6ECF3A}.Debug|Any CPU.ActiveCfg = Debug|Any CPU
		{C1358B2F-868E-4787-A0C1-AF46BC6ECF3A}.Debug|Any CPU.Build.0 = Debug|Any CPU
		{C1358B2F-868E-4787-A0C1-AF46BC6ECF3A}.Release|Any CPU.ActiveCfg = Release|Any CPU
		{C1358B2F-868E-4787-A0C1-AF46BC6ECF3A}.Release|Any CPU.Build.0 = Release|Any CPU
	EndGlobalSection
	GlobalSection(SolutionProperties) = preSolution
		HideSolutionNode = FALSE
	EndGlobalSection
	GlobalSection(ExtensibilityGlobals) = postSolution
		SolutionGuid = {7104F092-E64E-4733-9DAB-CF835F72B0B3}
	EndGlobalSection
EndGlobal
